
Microsoft Visual Studio Solution File, Format Version 12.00
# Visual Studio Version 17
VisualStudioVersion = 17.8.34525.116
MinimumVisualStudioVersion = 10.0.40219.1
Project("{FAE04EC0-301F-11D3-BF4B-00C04F79EFBC}") = "Workaround", "Workaround\Workaround.csproj", "{6B19D366-1995-4A77-8149-A652C47AFD5E}"
EndProject
Project("{FAE04EC0-301F-11D3-BF4B-00C04F79EFBC}") = "Entities", "Entities\Entities.csproj", "{4B52B2B2-1947-4ADB-A639-02FA2C475F5E}"
EndProject
Project("{FAE04EC0-301F-11D3-BF4B-00C04F79EFBC}") = "Business", "Business\Business.csproj", "{A85A8913-6C0F-4F65-8123-045D567CFE16}"
EndProject
Global
	GlobalSection(SolutionConfigurationPlatforms) = preSolution
		Debug|Any CPU = Debug|Any CPU
		Release|Any CPU = Release|Any CPU
	EndGlobalSection
	GlobalSection(ProjectConfigurationPlatforms) = postSolution
		{6B19D366-1995-4A77-8149-A652C47AFD5E}.Debug|Any CPU.ActiveCfg = Debug|Any CPU
		{6B19D366-1995-4A77-8149-A652C47AFD5E}.Debug|Any CPU.Build.0 = Debug|Any CPU
		{6B19D366-1995-4A77-8149-A652C47AFD5E}.Release|Any CPU.ActiveCfg = Release|Any CPU
		{6B19D366-1995-4A77-8149-A652C47AFD5E}.Release|Any CPU.Build.0 = Release|Any CPU
		{4B52B2B2-1947-4ADB-A639-02FA2C475F5E}.Debug|Any CPU.ActiveCfg = Debug|Any CPU
		{4B52B2B2-1947-4ADB-A639-02FA2C475F5E}.Debug|Any CPU.Build.0 = Debug|Any CPU
		{4B52B2B2-1947-4ADB-A639-02FA2C475F5E}.Release|Any CPU.ActiveCfg = Release|Any CPU
		{4B52B2B2-1947-4ADB-A639-02FA2C475F5E}.Release|Any CPU.Build.0 = Release|Any CPU
		{A85A8913-6C0F-4F65-8123-045D567CFE16}.Debug|Any CPU.ActiveCfg = Debug|Any CPU
		{A85A8913-6C0F-4F65-8123-045D567CFE16}.Debug|Any CPU.Build.0 = Debug|Any CPU
		{A85A8913-6C0F-4F65-8123-045D567CFE16}.Release|Any CPU.ActiveCfg = Release|Any CPU
		{A85A8913-6C0F-4F65-8123-045D567CFE16}.Release|Any CPU.Build.0 = Release|Any CPU
	EndGlobalSection
	GlobalSection(SolutionProperties) = preSolution
		HideSolutionNode = FALSE
	EndGlobalSection
	GlobalSection(ExtensibilityGlobals) = postSolution
		SolutionGuid = {6B3060F0-1B03-4899-B319-DB5E82470333}
	EndGlobalSection
EndGlobal
